PODS:
  - JewelryAR (0.1.0):
    - JewelryAR-UnityFramework
  - JewelryAR-UnityFramework (0.1.0)

DEPENDENCIES:
  - JewelryAR
  - JewelryAR-UnityFramework

SPEC REPOS:
  "git@gitlab.postindustria.com:ar-ring/jewelry-ar-sdk-ios-cocoapods-podspecs.git":
    - JewelryAR
    - JewelryAR-UnityFramework

SPEC CHECKSUMS:
  JewelryAR: fb62b08fccac78d66832a10211e9ed485783c11a
  JewelryAR-UnityFramework: 8d94b6907f4e14fbd789594ff669625f72492a6b

PODFILE CHECKSUM: 05650bd153611927cb97ca89328b15238e9ba67e

COCOAPODS: 1.11.3
