// !$*UTF8*$!
{
	archiveVersion = 1;
	classes = {
	};
	objectVersion = 55;
	objects = {

/* Begin PBXBuildFile section */
		34B84D8C288E9F500013A0F8 /* AppDelegate.m in Sources */ = {isa = PBXBuildFile; fileRef = 34B84D8B288E9F500013A0F8 /* AppDelegate.m */; };
		34B84D92288E9F500013A0F8 /* ViewController.m in Sources */ = {isa = PBXBuildFile; fileRef = 34B84D91288E9F500013A0F8 /* ViewController.m */; };
		34B84D95288E9F500013A0F8 /* Main.storyboard in Resources */ = {isa = PBXBuildFile; fileRef = 34B84D93288E9F500013A0F8 /* Main.storyboard */; };
		34B84D97288E9F510013A0F8 /* Assets.xcassets in Resources */ = {isa = PBXBuildFile; fileRef = 34B84D96288E9F510013A0F8 /* Assets.xcassets */; };
		34B84D9A288E9F510013A0F8 /* LaunchScreen.storyboard in Resources */ = {isa = PBXBuildFile; fileRef = 34B84D98288E9F510013A0F8 /* LaunchScreen.storyboard */; };
		34B84D9D288E9F510013A0F8 /* main.m in Sources */ = {isa = PBXBuildFile; fileRef = 34B84D9C288E9F510013A0F8 /* main.m */; };
		51166033DC0D41A1DAE470DC /* Pods_JewelryAR_Example.framework in Frameworks */ = {isa = PBXBuildFile; fileRef = BC7FC0FC9E62273BE01A234C /* Pods_JewelryAR_Example.framework */; };
/* End PBXBuildFile section */

/* Begin PBXFileReference section */
		34B84D87288E9F500013A0F8 /* JewelryAR_Example.app */ = {isa = PBXFileReference; explicitFileType = wrapper.application; includeInIndex = 0; path = JewelryAR_Example.app; sourceTree = BUILT_PRODUCTS_DIR; };
		34B84D8A288E9F500013A0F8 /* AppDelegate.h */ = {isa = PBXFileReference; lastKnownFileType = sourcecode.c.h; path = AppDelegate.h; sourceTree = "<group>"; };
		34B84D8B288E9F500013A0F8 /* AppDelegate.m */ = {isa = PBXFileReference; lastKnownFileType = sourcecode.c.objc; path = AppDelegate.m; sourceTree = "<group>"; };
		34B84D90288E9F500013A0F8 /* ViewController.h */ = {isa = PBXFileReference; lastKnownFileType = sourcecode.c.h; path = ViewController.h; sourceTree = "<group>"; };
		34B84D91288E9F500013A0F8 /* ViewController.m */ = {isa = PBXFileReference; lastKnownFileType = sourcecode.c.objc; path = ViewController.m; sourceTree = "<group>"; };
		34B84D94288E9F500013A0F8 /* Base */ = {isa = PBXFileReference; lastKnownFileType = file.storyboard; name = Base; path = Base.lproj/Main.storyboard; sourceTree = "<group>"; };
		34B84D96288E9F510013A0F8 /* Assets.xcassets */ = {isa = PBXFileReference; lastKnownFileType = folder.assetcatalog; path = Assets.xcassets; sourceTree = "<group>"; };
		34B84D99288E9F510013A0F8 /* Base */ = {isa = PBXFileReference; lastKnownFileType = file.storyboard; name = Base; path = Base.lproj/LaunchScreen.storyboard; sourceTree = "<group>"; };
		34B84D9B288E9F510013A0F8 /* Info.plist */ = {isa = PBXFileReference; lastKnownFileType = text.plist.xml; path = Info.plist; sourceTree = "<group>"; };
		34B84D9C288E9F510013A0F8 /* main.m */ = {isa = PBXFileReference; lastKnownFileType = sourcecode.c.objc; path = main.m; sourceTree = "<group>"; };
		604B9BA2BC39B04CEAC64FD0 /* Pods-JewelryAR_Example.release.xcconfig */ = {isa = PBXFileReference; includeInIndex = 1; lastKnownFileType = text.xcconfig; name = "Pods-JewelryAR_Example.release.xcconfig"; path = "Target Support Files/Pods-JewelryAR_Example/Pods-JewelryAR_Example.release.xcconfig"; sourceTree = "<group>"; };
		968AA19C3441995E7C884A45 /* Pods-JewelryAR.release.xcconfig */ = {isa = PBXFileReference; includeInIndex = 1; lastKnownFileType = text.xcconfig; name = "Pods-JewelryAR.release.xcconfig"; path = "Target Support Files/Pods-JewelryAR/Pods-JewelryAR.release.xcconfig"; sourceTree = "<group>"; };
		AC2EAFA992A84657C06C5C68 /* Pods-JewelryAR.debug.xcconfig */ = {isa = PBXFileReference; includeInIndex = 1; lastKnownFileType = text.xcconfig; name = "Pods-JewelryAR.debug.xcconfig"; path = "Target Support Files/Pods-JewelryAR/Pods-JewelryAR.debug.xcconfig"; sourceTree = "<group>"; };
		BC7FC0FC9E62273BE01A234C /* Pods_JewelryAR_Example.framework */ = {isa = PBXFileReference; explicitFileType = wrapper.framework; includeInIndex = 0; path = Pods_JewelryAR_Example.framework; sourceTree = BUILT_PRODUCTS_DIR; };
		C7C30C455F7EA618C4878405 /* Pods-JewelryAR_Example.debug.xcconfig */ = {isa = PBXFileReference; includeInIndex = 1; lastKnownFileType = text.xcconfig; name = "Pods-JewelryAR_Example.debug.xcconfig"; path = "Target Support Files/Pods-JewelryAR_Example/Pods-JewelryAR_Example.debug.xcconfig"; sourceTree = "<group>"; };
/* End PBXFileReference section */

/* Begin PBXFrameworksBuildPhase section */
		34B84D84288E9F500013A0F8 /* Frameworks */ = {
			isa = PBXFrameworksBuildPhase;
			buildActionMask = 2147483647;
			files = (
				51166033DC0D41A1DAE470DC /* Pods_JewelryAR_Example.framework in Frameworks */,
			);
			runOnlyForDeploymentPostprocessing = 0;
		};
/* End PBXFrameworksBuildPhase section */

/* Begin PBXGroup section */
		34B84D7E288E9F500013A0F8 = {
			isa = PBXGroup;
			children = (
				34B84D89288E9F500013A0F8 /* JewelryAR */,
				34B84D88288E9F500013A0F8 /* Products */,
				94C4101FA4D00B8FDC44CB68 /* Pods */,
				526B5550695775C55CEDB8DF /* Frameworks */,
			);
			sourceTree = "<group>";
		};
		34B84D88288E9F500013A0F8 /* Products */ = {
			isa = PBXGroup;
			children = (
				34B84D87288E9F500013A0F8 /* JewelryAR_Example.app */,
			);
			name = Products;
			sourceTree = "<group>";
		};
		34B84D89288E9F500013A0F8 /* JewelryAR */ = {
			isa = PBXGroup;
			children = (
				34B84D8A288E9F500013A0F8 /* AppDelegate.h */,
				34B84D8B288E9F500013A0F8 /* AppDelegate.m */,
				34B84D90288E9F500013A0F8 /* ViewController.h */,
				34B84D91288E9F500013A0F8 /* ViewController.m */,
				34B84D93288E9F500013A0F8 /* Main.storyboard */,
				34B84D96288E9F510013A0F8 /* Assets.xcassets */,
				34B84D98288E9F510013A0F8 /* LaunchScreen.storyboard */,
				34B84D9B288E9F510013A0F8 /* Info.plist */,
				34B84D9C288E9F510013A0F8 /* main.m */,
			);
			path = JewelryAR;
			sourceTree = "<group>";
		};
		526B5550695775C55CEDB8DF /* Frameworks */ = {
			isa = PBXGroup;
			children = (
				BC7FC0FC9E62273BE01A234C /* Pods_JewelryAR_Example.framework */,
			);
			name = Frameworks;
			sourceTree = "<group>";
		};
		94C4101FA4D00B8FDC44CB68 /* Pods */ = {
			isa = PBXGroup;
			children = (
				AC2EAFA992A84657C06C5C68 /* Pods-JewelryAR.debug.xcconfig */,
				968AA19C3441995E7C884A45 /* Pods-JewelryAR.release.xcconfig */,
				C7C30C455F7EA618C4878405 /* Pods-JewelryAR_Example.debug.xcconfig */,
				604B9BA2BC39B04CEAC64FD0 /* Pods-JewelryAR_Example.release.xcconfig */,
			);
			path = Pods;
			sourceTree = "<group>";
		};
/* End PBXGroup section */

/* Begin PBXNativeTarget section */
		34B84D86288E9F500013A0F8 /* JewelryAR_Example */ = {
			isa = PBXNativeTarget;
			buildConfigurationList = 34B84DA0288E9F510013A0F8 /* Build configuration list for PBXNativeTarget "JewelryAR_Example" */;
			buildPhases = (
				4735C509055CBC33638B4D88 /* [CP] Check Pods Manifest.lock */,
				34B84D83288E9F500013A0F8 /* Sources */,
				34B84D84288E9F500013A0F8 /* Frameworks */,
				34B84D85288E9F500013A0F8 /* Resources */,
			);
			buildRules = (
			);
			dependencies = (
			);
			name = JewelryAR_Example;
			productName = JewelryAR;
			productReference = 34B84D87288E9F500013A0F8 /* JewelryAR_Example.app */;
			productType = "com.apple.product-type.application";
		};
/* End PBXNativeTarget section */

/* Begin PBXProject section */
		34B84D7F288E9F500013A0F8 /* Project object */ = {
			isa = PBXProject;
			attributes = {
				BuildIndependentTargetsInParallel = 1;
				LastUpgradeCheck = 1340;
				TargetAttributes = {
					34B84D86288E9F500013A0F8 = {
						CreatedOnToolsVersion = 13.4.1;
					};
				};
			};
			buildConfigurationList = 34B84D82288E9F500013A0F8 /* Build configuration list for PBXProject "JewelryAR" */;
			compatibilityVersion = "Xcode 13.0";
			developmentRegion = en;
			hasScannedForEncodings = 0;
			knownRegions = (
				en,
				Base,
			);
			mainGroup = 34B84D7E288E9F500013A0F8;
			productRefGroup = 34B84D88288E9F500013A0F8 /* Products */;
			projectDirPath = "";
			projectRoot = "";
			targets = (
				34B84D86288E9F500013A0F8 /* JewelryAR_Example */,
			);
		};
/* End PBXProject section */

/* Begin PBXResourcesBuildPhase section */
		34B84D85288E9F500013A0F8 /* Resources */ = {
			isa = PBXResourcesBuildPhase;
			buildActionMask = 2147483647;
			files = (
				34B84D9A288E9F510013A0F8 /* LaunchScreen.storyboard in Resources */,
				34B84D97288E9F510013A0F8 /* Assets.xcassets in Resources */,
				34B84D95288E9F500013A0F8 /* Main.storyboard in Resources */,
			);
			runOnlyForDeploymentPostprocessing = 0;
		};
/* End PBXResourcesBuildPhase section */

/* Begin PBXShellScriptBuildPhase section */
		4735C509055CBC33638B4D88 /* [CP] Check Pods Manifest.lock */ = {
			isa = PBXShellScriptBuildPhase;
			buildActionMask = 2147483647;
			files = (
			);
			inputFileListPaths = (
			);
			inputPaths = (
				"${PODS_PODFILE_DIR_PATH}/Podfile.lock",
				"${PODS_ROOT}/Manifest.lock",
			);
			name = "[CP] Check Pods Manifest.lock";
			outputFileListPaths = (
			);
			outputPaths = (
				"$(DERIVED_FILE_DIR)/Pods-JewelryAR_Example-checkManifestLockResult.txt",
			);
			runOnlyForDeploymentPostprocessing = 0;
			shellPath = /bin/sh;
			shellScript = "diff \"${PODS_PODFILE_DIR_PATH}/Podfile.lock\" \"${PODS_ROOT}/Manifest.lock\" > /dev/null\nif [ $? != 0 ] ; then\n    # print error to STDERR\n    echo \"error: The sandbox is not in sync with the Podfile.lock. Run 'pod install' or update your CocoaPods installation.\" >&2\n    exit 1\nfi\n# This output is used by Xcode 'outputs' to avoid re-running this script phase.\necho \"SUCCESS\" > \"${SCRIPT_OUTPUT_FILE_0}\"\n";
			showEnvVarsInLog = 0;
		};
/* End PBXShellScriptBuildPhase section */

/* Begin PBXSourcesBuildPhase section */
		34B84D83288E9F500013A0F8 /* Sources */ = {
			isa = PBXSourcesBuildPhase;
			buildActionMask = 2147483647;
			files = (
				34B84D92288E9F500013A0F8 /* ViewController.m in Sources */,
				34B84D8C288E9F500013A0F8 /* AppDelegate.m in Sources */,
				34B84D9D288E9F510013A0F8 /* main.m in Sources */,
			);
			runOnlyForDeploymentPostprocessing = 0;
		};
/* End PBXSourcesBuildPhase section */

/* Begin PBXVariantGroup section */
		34B84D93288E9F500013A0F8 /* Main.storyboard */ = {
			isa = PBXVariantGroup;
			children = (
				34B84D94288E9F500013A0F8 /* Base */,
			);
			name = Main.storyboard;
			sourceTree = "<group>";
		};
		34B84D98288E9F510013A0F8 /* LaunchScreen.storyboard */ = {
			isa = PBXVariantGroup;
			children = (
				34B84D99288E9F510013A0F8 /* Base */,
			);
			name = LaunchScreen.storyboard;
			sourceTree = "<group>";
		};
/* End PBXVariantGroup section */

/* Begin XCBuildConfiguration section */
		34B84D9E288E9F510013A0F8 /* Debug */ = {
			isa = XCBuildConfiguration;
			buildSettings = {
				ALWAYS_SEARCH_USER_PATHS = NO;
				CLANG_ANALYZER_NONNULL = YES;
				CLANG_ANALYZER_NUMBER_OBJECT_CONVERSION = YES_AGGRESSIVE;
				CLANG_CXX_LANGUAGE_STANDARD = "gnu++17";
				CLANG_ENABLE_MODULES = YES;
				CLANG_ENABLE_OBJC_ARC = YES;
				CLANG_ENABLE_OBJC_WEAK = YES;
				CLANG_WARN_BLOCK_CAPTURE_AUTORELEASING = YES;
				CLANG_WARN_BOOL_CONVERSION = YES;
				CLANG_WARN_COMMA = YES;
				CLANG_WARN_CONSTANT_CONVERSION = YES;
				CLANG_WARN_DEPRECATED_OBJC_IMPLEMENTATIONS = YES;
				CLANG_WARN_DIRECT_OBJC_ISA_USAGE = YES_ERROR;
				CLANG_WARN_DOCUMENTATION_COMMENTS = YES;
				CLANG_WARN_EMPTY_BODY = YES;
				CLANG_WARN_ENUM_CONVERSION = YES;
				CLANG_WARN_INFINITE_RECURSION = YES;
				CLANG_WARN_INT_CONVERSION = YES;
				CLANG_WARN_NON_LITERAL_NULL_CONVERSION = YES;
				CLANG_WARN_OBJC_IMPLICIT_RETAIN_SELF = YES;
				CLANG_WARN_OBJC_LITERAL_CONVERSION = YES;
				CLANG_WARN_OBJC_ROOT_CLASS = YES_ERROR;
				CLANG_WARN_QUOTED_INCLUDE_IN_FRAMEWORK_HEADER = YES;
				CLANG_WARN_RANGE_LOOP_ANALYSIS = YES;
				CLANG_WARN_STRICT_PROTOTYPES = YES;
				CLANG_WARN_SUSPICIOUS_MOVE = YES;
				CLANG_WARN_UNGUARDED_AVAILABILITY = YES_AGGRESSIVE;
				CLANG_WARN_UNREACHABLE_CODE = YES;
				CLANG_WARN__DUPLICATE_METHOD_MATCH = YES;
				COPY_PHASE_STRIP = NO;
				DEBUG_INFORMATION_FORMAT = dwarf;
				ENABLE_STRICT_OBJC_MSGSEND = YES;
				ENABLE_TESTABILITY = YES;
				GCC_C_LANGUAGE_STANDARD = gnu11;
				GCC_DYNAMIC_NO_PIC = NO;
				GCC_NO_COMMON_BLOCKS = YES;
				GCC_OPTIMIZATION_LEVEL = 0;
				GCC_PREPROCESSOR_DEFINITIONS = (
					"DEBUG=1",
					"$(inherited)",
				);
				GCC_WARN_64_TO_32_BIT_CONVERSION = YES;
				GCC_WARN_ABOUT_RETURN_TYPE = YES_ERROR;
				GCC_WARN_UNDECLARED_SELECTOR = YES;
				GCC_WARN_UNINITIALIZED_AUTOS = YES_AGGRESSIVE;
				GCC_WARN_UNUSED_FUNCTION = YES;
				GCC_WARN_UNUSED_VARIABLE = YES;
				IPHONEOS_DEPLOYMENT_TARGET = 12.0;
				MTL_ENABLE_DEBUG_INFO = INCLUDE_SOURCE;
				MTL_FAST_MATH = YES;
				ONLY_ACTIVE_ARCH = YES;
				SDKROOT = iphoneos;
			};
			name = Debug;
		};
		34B84D9F288E9F510013A0F8 /* Release */ = {
			isa = XCBuildConfiguration;
			buildSettings = {
				ALWAYS_SEARCH_USER_PATHS = NO;
				CLANG_ANALYZER_NONNULL = YES;
				CLANG_ANALYZER_NUMBER_OBJECT_CONVERSION = YES_AGGRESSIVE;
				CLANG_CXX_LANGUAGE_STANDARD = "gnu++17";
				CLANG_ENABLE_MODULES = YES;
				CLANG_ENABLE_OBJC_ARC = YES;
				CLANG_ENABLE_OBJC_WEAK = YES;
				CLANG_WARN_BLOCK_CAPTURE_AUTORELEASING = YES;
				CLANG_WARN_BOOL_CONVERSION = YES;
				CLANG_WARN_COMMA = YES;
				CLANG_WARN_CONSTANT_CONVERSION = YES;
				CLANG_WARN_DEPRECATED_OBJC_IMPLEMENTATIONS = YES;
				CLANG_WARN_DIRECT_OBJC_ISA_USAGE = YES_ERROR;
				CLANG_WARN_DOCUMENTATION_COMMENTS = YES;
				CLANG_WARN_EMPTY_BODY = YES;
				CLANG_WARN_ENUM_CONVERSION = YES;
				CLANG_WARN_INFINITE_RECURSION = YES;
				CLANG_WARN_INT_CONVERSION = YES;
				CLANG_WARN_NON_LITERAL_NULL_CONVERSION = YES;
				CLANG_WARN_OBJC_IMPLICIT_RETAIN_SELF = YES;
				CLANG_WARN_OBJC_LITERAL_CONVERSION = YES;
				CLANG_WARN_OBJC_ROOT_CLASS = YES_ERROR;
				CLANG_WARN_QUOTED_INCLUDE_IN_FRAMEWORK_HEADER = YES;
				CLANG_WARN_RANGE_LOOP_ANALYSIS = YES;
				CLANG_WARN_STRICT_PROTOTYPES = YES;
				CLANG_WARN_SUSPICIOUS_MOVE = YES;
				CLANG_WARN_UNGUARDED_AVAILABILITY = YES_AGGRESSIVE;
				CLANG_WARN_UNREACHABLE_CODE = YES;
				CLANG_WARN__DUPLICATE_METHOD_MATCH = YES;
				COPY_PHASE_STRIP = NO;
				DEBUG_INFORMATION_FORMAT = "dwarf-with-dsym";
				ENABLE_NS_ASSERTIONS = NO;
				ENABLE_STRICT_OBJC_MSGSEND = YES;
				GCC_C_LANGUAGE_STANDARD = gnu11;
				GCC_NO_COMMON_BLOCKS = YES;
				GCC_WARN_64_TO_32_BIT_CONVERSION = YES;
				GCC_WARN_ABOUT_RETURN_TYPE = YES_ERROR;
				GCC_WARN_UNDECLARED_SELECTOR = YES;
				GCC_WARN_UNINITIALIZED_AUTOS = YES_AGGRESSIVE;
				GCC_WARN_UNUSED_FUNCTION = YES;
				GCC_WARN_UNUSED_VARIABLE = YES;
				IPHONEOS_DEPLOYMENT_TARGET = 12.0;
				MTL_ENABLE_DEBUG_INFO = NO;
				MTL_FAST_MATH = YES;
				SDKROOT = iphoneos;
				VALIDATE_PRODUCT = YES;
			};
			name = Release;
		};
		34B84DA1288E9F510013A0F8 /* Debug */ = {
			isa = XCBuildConfiguration;
			baseConfigurationReference = C7C30C455F7EA618C4878405 /* Pods-JewelryAR_Example.debug.xcconfig */;
			buildSettings = {
				ASSETCATALOG_COMPILER_APPICON_NAME = AppIcon;
				ASSETCATALOG_COMPILER_GLOBAL_ACCENT_COLOR_NAME = AccentColor;
				CODE_SIGN_STYLE = Automatic;
				CURRENT_PROJECT_VERSION = 1;
				DEVELOPMENT_TEAM = "";
				GENERATE_INFOPLIST_FILE = YES;
				INFOPLIST_FILE = JewelryAR/Info.plist;
				INFOPLIST_KEY_UIApplicationSupportsIndirectInputEvents = YES;
				INFOPLIST_KEY_UILaunchStoryboardName = LaunchScreen;
				INFOPLIST_KEY_UIMainStoryboardFile = Main;
				INFOPLIST_KEY_UISupportedInterfaceOrientations_iPad = "UIInterfaceOrientationPortrait UIInterfaceOrientationPortraitUpsideDown UIInterfaceOrientationLandscapeLeft UIInterfaceOrientationLandscapeRight";
				INFOPLIST_KEY_UISupportedInterfaceOrientations_iPhone = "UIInterfaceOrientationPortrait UIInterfaceOrientationLandscapeLeft UIInterfaceOrientationLandscapeRight";
				IPHONEOS_DEPLOYMENT_TARGET = 12.0;
				LD_RUNPATH_SEARCH_PATHS = (
					"$(inherited)",
					"@executable_path/Frameworks",
				);
				MARKETING_VERSION = 1.0;
				PRODUCT_BUNDLE_IDENTIFIER = "com.postindustria.ios.jewelryar-sample";
				PRODUCT_NAME = "$(TARGET_NAME)";
				SWIFT_EMIT_LOC_STRINGS = YES;
				TARGETED_DEVICE_FAMILY = "1,2";
			};
			name = Debug;
		};
		34B84DA2288E9F510013A0F8 /* Release */ = {
			isa = XCBuildConfiguration;
			baseConfigurationReference = 604B9BA2BC39B04CEAC64FD0 /* Pods-JewelryAR_Example.release.xcconfig */;
			buildSettings = {
				ASSETCATALOG_COMPILER_APPICON_NAME = AppIcon;
				ASSETCATALOG_COMPILER_GLOBAL_ACCENT_COLOR_NAME = AccentColor;
				CODE_SIGN_STYLE = Automatic;
				CURRENT_PROJECT_VERSION = 1;
				DEVELOPMENT_TEAM = "";
				GENERATE_INFOPLIST_FILE = YES;
				INFOPLIST_FILE = JewelryAR/Info.plist;
				INFOPLIST_KEY_UIApplicationSupportsIndirectInputEvents = YES;
				INFOPLIST_KEY_UILaunchStoryboardName = LaunchScreen;
				INFOPLIST_KEY_UIMainStoryboardFile = Main;
				INFOPLIST_KEY_UISupportedInterfaceOrientations_iPad = "UIInterfaceOrientationPortrait UIInterfaceOrientationPortraitUpsideDown UIInterfaceOrientationLandscapeLeft UIInterfaceOrientationLandscapeRight";
				INFOPLIST_KEY_UISupportedInterfaceOrientations_iPhone = "UIInterfaceOrientationPortrait UIInterfaceOrientationLandscapeLeft UIInterfaceOrientationLandscapeRight";
				IPHONEOS_DEPLOYMENT_TARGET = 12.0;
				LD_RUNPATH_SEARCH_PATHS = (
					"$(inherited)",
					"@executable_path/Frameworks",
				);
				MARKETING_VERSION = 1.0;
				PRODUCT_BUNDLE_IDENTIFIER = "com.postindustria.ios.jewelryar-sample";
				PRODUCT_NAME = "$(TARGET_NAME)";
				SWIFT_EMIT_LOC_STRINGS = YES;
				TARGETED_DEVICE_FAMILY = "1,2";
			};
			name = Release;
		};
/* End XCBuildConfiguration section */

/* Begin XCConfigurationList section */
		34B84D82288E9F500013A0F8 /* Build configuration list for PBXProject "JewelryAR" */ = {
			isa = XCConfigurationList;
			buildConfigurations = (
				34B84D9E288E9F510013A0F8 /* Debug */,
				34B84D9F288E9F510013A0F8 /* Release */,
			);
			defaultConfigurationIsVisible = 0;
			defaultConfigurationName = Release;
		};
		34B84DA0288E9F510013A0F8 /* Build configuration list for PBXNativeTarget "JewelryAR_Example" */ = {
			isa = XCConfigurationList;
			buildConfigurations = (
				34B84DA1288E9F510013A0F8 /* Debug */,
				34B84DA2288E9F510013A0F8 /* Release */,
			);
			defaultConfigurationIsVisible = 0;
			defaultConfigurationName = Release;
		};
/* End XCConfigurationList section */
	};
	rootObject = 34B84D7F288E9F500013A0F8 /* Project object */;
}
