// !$*UTF8*$!
{
	archiveVersion = 1;
	classes = {
	};
	objectVersion = 55;
	objects = {

/* Begin PBXBuildFile section */
		3474445D2891250400E5064E /* main.swift in Sources */ = {isa = PBXBuildFile; fileRef = 3474445C2891250400E5064E /* main.swift */; };
		34C44C0F2897F8AD005E7A7B /* Launch Screen.storyboard in Resources */ = {isa = PBXBuildFile; fileRef = 34C44C0E2897F8AD005E7A7B /* Launch Screen.storyboard */; };
		34C44C1228980F0D005E7A7B /* ARView.swift in Sources */ = {isa = PBXBuildFile; fileRef = 34C44C1128980F0D005E7A7B /* ARView.swift */; };
		34CD87AF288EDDEA00725483 /* JewelryARApp.swift in Sources */ = {isa = PBXBuildFile; fileRef = 34CD87AE288EDDEA00725483 /* JewelryARApp.swift */; };
		34CD87B1288EDDEA00725483 /* ContentView.swift in Sources */ = {isa = PBXBuildFile; fileRef = 34CD87B0288EDDEA00725483 /* ContentView.swift */; };
		34CD87B3288EDDEB00725483 /* Assets.xcassets in Resources */ = {isa = PBXBuildFile; fileRef = 34CD87B2288EDDEB00725483 /* Assets.xcassets */; };
		34CD87B6288EDDEB00725483 /* Preview Assets.xcassets in Resources */ = {isa = PBXBuildFile; fileRef = 34CD87B5288EDDEB00725483 /* Preview Assets.xcassets */; };
		DF3884EE633B75F350A21BFA /* Pods_JewelryAR_Example.framework in Frameworks */ = {isa = PBXBuildFile; fileRef = 6453E86E8BA703FF3551C90D /* Pods_JewelryAR_Example.framework */; };
/* End PBXBuildFile section */

/* Begin PBXFileReference section */
		3474445C2891250400E5064E /* main.swift */ = {isa = PBXFileReference; lastKnownFileType = sourcecode.swift; path = main.swift; sourceTree = "<group>"; };
		34C44C0E2897F8AD005E7A7B /* Launch Screen.storyboard */ = {isa = PBXFileReference; lastKnownFileType = file.storyboard; path = "Launch Screen.storyboard"; sourceTree = "<group>"; };
		34C44C102897F8DD005E7A7B /* JewelryAR-Example-Info.plist */ = {isa = PBXFileReference; lastKnownFileType = text.plist; path = "JewelryAR-Example-Info.plist"; sourceTree = "<group>"; };
		34C44C1128980F0D005E7A7B /* ARView.swift */ = {isa = PBXFileReference; lastKnownFileType = sourcecode.swift; path = ARView.swift; sourceTree = "<group>"; };
		34CD87AB288EDDEA00725483 /* JewelryAR_Example.app */ = {isa = PBXFileReference; explicitFileType = wrapper.application; includeInIndex = 0; path = JewelryAR_Example.app; sourceTree = BUILT_PRODUCTS_DIR; };
		34CD87AE288EDDEA00725483 /* JewelryARApp.swift */ = {isa = PBXFileReference; lastKnownFileType = sourcecode.swift; path = JewelryARApp.swift; sourceTree = "<group>"; };
		34CD87B0288EDDEA00725483 /* ContentView.swift */ = {isa = PBXFileReference; lastKnownFileType = sourcecode.swift; path = ContentView.swift; sourceTree = "<group>"; };
		34CD87B2288EDDEB00725483 /* Assets.xcassets */ = {isa = PBXFileReference; lastKnownFileType = folder.assetcatalog; path = Assets.xcassets; sourceTree = "<group>"; };
		34CD87B5288EDDEB00725483 /* Preview Assets.xcassets */ = {isa = PBXFileReference; lastKnownFileType = folder.assetcatalog; path = "Preview Assets.xcassets"; sourceTree = "<group>"; };
		6453E86E8BA703FF3551C90D /* Pods_JewelryAR_Example.framework */ = {isa = PBXFileReference; explicitFileType = wrapper.framework; includeInIndex = 0; path = Pods_JewelryAR_Example.framework; sourceTree = BUILT_PRODUCTS_DIR; };
		660F36392F3E2CF8CD86B28E /* Pods-JewelryAR_Example.release.xcconfig */ = {isa = PBXFileReference; includeInIndex = 1; lastKnownFileType = text.xcconfig; name = "Pods-JewelryAR_Example.release.xcconfig"; path = "Target Support Files/Pods-JewelryAR_Example/Pods-JewelryAR_Example.release.xcconfig"; sourceTree = "<group>"; };
		6E1B6DCF4E7F7A9A07D78F17 /* Pods-JewelryAR_Example.debug.xcconfig */ = {isa = PBXFileReference; includeInIndex = 1; lastKnownFileType = text.xcconfig; name = "Pods-JewelryAR_Example.debug.xcconfig"; path = "Target Support Files/Pods-JewelryAR_Example/Pods-JewelryAR_Example.debug.xcconfig"; sourceTree = "<group>"; };
/* End PBXFileReference section */

/* Begin PBXFrameworksBuildPhase section */
		34CD87A8288EDDEA00725483 /* Frameworks */ = {
			isa = PBXFrameworksBuildPhase;
			buildActionMask = 2147483647;
			files = (
				DF3884EE633B75F350A21BFA /* Pods_JewelryAR_Example.framework in Frameworks */,
			);
			runOnlyForDeploymentPostprocessing = 0;
		};
/* End PBXFrameworksBuildPhase section */

/* Begin PBXGroup section */
		1140393A31BD67465D404369 /* Pods */ = {
			isa = PBXGroup;
			children = (
				6E1B6DCF4E7F7A9A07D78F17 /* Pods-JewelryAR_Example.debug.xcconfig */,
				660F36392F3E2CF8CD86B28E /* Pods-JewelryAR_Example.release.xcconfig */,
			);
			path = Pods;
			sourceTree = "<group>";
		};
		34CD87A2288EDDEA00725483 = {
			isa = PBXGroup;
			children = (
				34C44C102897F8DD005E7A7B /* JewelryAR-Example-Info.plist */,
				34CD87AD288EDDEA00725483 /* JewelryAR */,
				34CD87AC288EDDEA00725483 /* Products */,
				1140393A31BD67465D404369 /* Pods */,
				9BF3E9C22A138715769A7260 /* Frameworks */,
			);
			sourceTree = "<group>";
		};
		34CD87AC288EDDEA00725483 /* Products */ = {
			isa = PBXGroup;
			children = (
				34CD87AB288EDDEA00725483 /* JewelryAR_Example.app */,
			);
			name = Products;
			sourceTree = "<group>";
		};
		34CD87AD288EDDEA00725483 /* JewelryAR */ = {
			isa = PBXGroup;
			children = (
				34CD87AE288EDDEA00725483 /* JewelryARApp.swift */,
				34CD87B0288EDDEA00725483 /* ContentView.swift */,
				34C44C1128980F0D005E7A7B /* ARView.swift */,
				34CD87B2288EDDEB00725483 /* Assets.xcassets */,
				34CD87B4288EDDEB00725483 /* Preview Content */,
				3474445C2891250400E5064E /* main.swift */,
				34C44C0E2897F8AD005E7A7B /* Launch Screen.storyboard */,
			);
			path = JewelryAR;
			sourceTree = "<group>";
		};
		34CD87B4288EDDEB00725483 /* Preview Content */ = {
			isa = PBXGroup;
			children = (
				34CD87B5288EDDEB00725483 /* Preview Assets.xcassets */,
			);
			path = "Preview Content";
			sourceTree = "<group>";
		};
		9BF3E9C22A138715769A7260 /* Frameworks */ = {
			isa = PBXGroup;
			children = (
				6453E86E8BA703FF3551C90D /* Pods_JewelryAR_Example.framework */,
			);
			name = Frameworks;
			sourceTree = "<group>";
		};
/* End PBXGroup section */

/* Begin PBXNativeTarget section */
		34CD87AA288EDDEA00725483 /* JewelryAR_Example */ = {
			isa = PBXNativeTarget;
			buildConfigurationList = 34CD87B9288EDDEB00725483 /* Build configuration list for PBXNativeTarget "JewelryAR_Example" */;
			buildPhases = (
				F45AD7B7AB4497044AEB7B03 /* [CP] Check Pods Manifest.lock */,
				34CD87A7288EDDEA00725483 /* Sources */,
				34CD87A8288EDDEA00725483 /* Frameworks */,
				34CD87A9288EDDEA00725483 /* Resources */,
				B33399A3B0123127AB5C8FB6 /* [CP] Embed Pods Frameworks */,
			);
			buildRules = (
			);
			dependencies = (
			);
			name = JewelryAR_Example;
			productName = JewelryAR;
			productReference = 34CD87AB288EDDEA00725483 /* JewelryAR_Example.app */;
			productType = "com.apple.product-type.application";
		};
/* End PBXNativeTarget section */

/* Begin PBXProject section */
		34CD87A3288EDDEA00725483 /* Project object */ = {
			isa = PBXProject;
			attributes = {
				BuildIndependentTargetsInParallel = 1;
				LastSwiftUpdateCheck = 1340;
				LastUpgradeCheck = 1340;
				TargetAttributes = {
					34CD87AA288EDDEA00725483 = {
						CreatedOnToolsVersion = 13.4.1;
					};
				};
			};
			buildConfigurationList = 34CD87A6288EDDEA00725483 /* Build configuration list for PBXProject "JewelryAR" */;
			compatibilityVersion = "Xcode 13.0";
			developmentRegion = en;
			hasScannedForEncodings = 0;
			knownRegions = (
				en,
				Base,
			);
			mainGroup = 34CD87A2288EDDEA00725483;
			productRefGroup = 34CD87AC288EDDEA00725483 /* Products */;
			projectDirPath = "";
			projectRoot = "";
			targets = (
				34CD87AA288EDDEA00725483 /* JewelryAR_Example */,
			);
		};
/* End PBXProject section */

/* Begin PBXResourcesBuildPhase section */
		34CD87A9288EDDEA00725483 /* Resources */ = {
			isa = PBXResourcesBuildPhase;
			buildActionMask = 2147483647;
			files = (
				34C44C0F2897F8AD005E7A7B /* Launch Screen.storyboard in Resources */,
				34CD87B6288EDDEB00725483 /* Preview Assets.xcassets in Resources */,
				34CD87B3288EDDEB00725483 /* Assets.xcassets in Resources */,
			);
			runOnlyForDeploymentPostprocessing = 0;
		};
/* End PBXResourcesBuildPhase section */

/* Begin PBXShellScriptBuildPhase section */
		B33399A3B0123127AB5C8FB6 /* [CP] Embed Pods Frameworks */ = {
			isa = PBXShellScriptBuildPhase;
			buildActionMask = 2147483647;
			files = (
			);
			inputFileListPaths = (
				"${PODS_ROOT}/Target Support Files/Pods-JewelryAR_Example/Pods-JewelryAR_Example-frameworks-${CONFIGURATION}-input-files.xcfilelist",
			);
			name = "[CP] Embed Pods Frameworks";
			outputFileListPaths = (
				"${PODS_ROOT}/Target Support Files/Pods-JewelryAR_Example/Pods-JewelryAR_Example-frameworks-${CONFIGURATION}-output-files.xcfilelist",
			);
			runOnlyForDeploymentPostprocessing = 0;
			shellPath = /bin/sh;
			shellScript = "\"${PODS_ROOT}/Target Support Files/Pods-JewelryAR_Example/Pods-JewelryAR_Example-frameworks.sh\"\n";
			showEnvVarsInLog = 0;
		};
		F45AD7B7AB4497044AEB7B03 /* [CP] Check Pods Manifest.lock */ = {
			isa = PBXShellScriptBuildPhase;
			buildActionMask = 2147483647;
			files = (
			);
			inputFileListPaths = (
			);
			inputPaths = (
				"${PODS_PODFILE_DIR_PATH}/Podfile.lock",
				"${PODS_ROOT}/Manifest.lock",
			);
			name = "[CP] Check Pods Manifest.lock";
			outputFileListPaths = (
			);
			outputPaths = (
				"$(DERIVED_FILE_DIR)/Pods-JewelryAR_Example-checkManifestLockResult.txt",
			);
			runOnlyForDeploymentPostprocessing = 0;
			shellPath = /bin/sh;
			shellScript = "diff \"${PODS_PODFILE_DIR_PATH}/Podfile.lock\" \"${PODS_ROOT}/Manifest.lock\" > /dev/null\nif [ $? != 0 ] ; then\n    # print error to STDERR\n    echo \"error: The sandbox is not in sync with the Podfile.lock. Run 'pod install' or update your CocoaPods installation.\" >&2\n    exit 1\nfi\n# This output is used by Xcode 'outputs' to avoid re-running this script phase.\necho \"SUCCESS\" > \"${SCRIPT_OUTPUT_FILE_0}\"\n";
			showEnvVarsInLog = 0;
		};
/* End PBXShellScriptBuildPhase section */

/* Begin PBXSourcesBuildPhase section */
		34CD87A7288EDDEA00725483 /* Sources */ = {
			isa = PBXSourcesBuildPhase;
			buildActionMask = 2147483647;
			files = (
				34CD87B1288EDDEA00725483 /* ContentView.swift in Sources */,
				34C44C1228980F0D005E7A7B /* ARView.swift in Sources */,
				34CD87AF288EDDEA00725483 /* JewelryARApp.swift in Sources */,
				3474445D2891250400E5064E /* main.swift in Sources */,
			);
			runOnlyForDeploymentPostprocessing = 0;
		};
/* End PBXSourcesBuildPhase section */

/* Begin XCBuildConfiguration section */
		34CD87B7288EDDEB00725483 /* Debug */ = {
			isa = XCBuildConfiguration;
			buildSettings = {
				ALWAYS_SEARCH_USER_PATHS = NO;
				CLANG_ANALYZER_NONNULL = YES;
				CLANG_ANALYZER_NUMBER_OBJECT_CONVERSION = YES_AGGRESSIVE;
				CLANG_CXX_LANGUAGE_STANDARD = "gnu++17";
				CLANG_ENABLE_MODULES = YES;
				CLANG_ENABLE_OBJC_ARC = YES;
				CLANG_ENABLE_OBJC_WEAK = YES;
				CLANG_WARN_BLOCK_CAPTURE_AUTORELEASING = YES;
				CLANG_WARN_BOOL_CONVERSION = YES;
				CLANG_WARN_COMMA = YES;
				CLANG_WARN_CONSTANT_CONVERSION = YES;
				CLANG_WARN_DEPRECATED_OBJC_IMPLEMENTATIONS = YES;
				CLANG_WARN_DIRECT_OBJC_ISA_USAGE = YES_ERROR;
				CLANG_WARN_DOCUMENTATION_COMMENTS = YES;
				CLANG_WARN_EMPTY_BODY = YES;
				CLANG_WARN_ENUM_CONVERSION = YES;
				CLANG_WARN_INFINITE_RECURSION = YES;
				CLANG_WARN_INT_CONVERSION = YES;
				CLANG_WARN_NON_LITERAL_NULL_CONVERSION = YES;
				CLANG_WARN_OBJC_IMPLICIT_RETAIN_SELF = YES;
				CLANG_WARN_OBJC_LITERAL_CONVERSION = YES;
				CLANG_WARN_OBJC_ROOT_CLASS = YES_ERROR;
				CLANG_WARN_QUOTED_INCLUDE_IN_FRAMEWORK_HEADER = YES;
				CLANG_WARN_RANGE_LOOP_ANALYSIS = YES;
				CLANG_WARN_STRICT_PROTOTYPES = YES;
				CLANG_WARN_SUSPICIOUS_MOVE = YES;
				CLANG_WARN_UNGUARDED_AVAILABILITY = YES_AGGRESSIVE;
				CLANG_WARN_UNREACHABLE_CODE = YES;
				CLANG_WARN__DUPLICATE_METHOD_MATCH = YES;
				COPY_PHASE_STRIP = NO;
				DEBUG_INFORMATION_FORMAT = dwarf;
				ENABLE_STRICT_OBJC_MSGSEND = YES;
				ENABLE_TESTABILITY = YES;
				GCC_C_LANGUAGE_STANDARD = gnu11;
				GCC_DYNAMIC_NO_PIC = NO;
				GCC_NO_COMMON_BLOCKS = YES;
				GCC_OPTIMIZATION_LEVEL = 0;
				GCC_PREPROCESSOR_DEFINITIONS = (
					"DEBUG=1",
					"$(inherited)",
				);
				GCC_WARN_64_TO_32_BIT_CONVERSION = YES;
				GCC_WARN_ABOUT_RETURN_TYPE = YES_ERROR;
				GCC_WARN_UNDECLARED_SELECTOR = YES;
				GCC_WARN_UNINITIALIZED_AUTOS = YES_AGGRESSIVE;
				GCC_WARN_UNUSED_FUNCTION = YES;
				GCC_WARN_UNUSED_VARIABLE = YES;
				IPHONEOS_DEPLOYMENT_TARGET = 14.0;
				MTL_ENABLE_DEBUG_INFO = INCLUDE_SOURCE;
				MTL_FAST_MATH = YES;
				ONLY_ACTIVE_ARCH = YES;
				SDKROOT = iphoneos;
				SWIFT_ACTIVE_COMPILATION_CONDITIONS = DEBUG;
				SWIFT_OPTIMIZATION_LEVEL = "-Onone";
			};
			name = Debug;
		};
		34CD87B8288EDDEB00725483 /* Release */ = {
			isa = XCBuildConfiguration;
			buildSettings = {
				ALWAYS_SEARCH_USER_PATHS = NO;
				CLANG_ANALYZER_NONNULL = YES;
				CLANG_ANALYZER_NUMBER_OBJECT_CONVERSION = YES_AGGRESSIVE;
				CLANG_CXX_LANGUAGE_STANDARD = "gnu++17";
				CLANG_ENABLE_MODULES = YES;
				CLANG_ENABLE_OBJC_ARC = YES;
				CLANG_ENABLE_OBJC_WEAK = YES;
				CLANG_WARN_BLOCK_CAPTURE_AUTORELEASING = YES;
				CLANG_WARN_BOOL_CONVERSION = YES;
				CLANG_WARN_COMMA = YES;
				CLANG_WARN_CONSTANT_CONVERSION = YES;
				CLANG_WARN_DEPRECATED_OBJC_IMPLEMENTATIONS = YES;
				CLANG_WARN_DIRECT_OBJC_ISA_USAGE = YES_ERROR;
				CLANG_WARN_DOCUMENTATION_COMMENTS = YES;
				CLANG_WARN_EMPTY_BODY = YES;
				CLANG_WARN_ENUM_CONVERSION = YES;
				CLANG_WARN_INFINITE_RECURSION = YES;
				CLANG_WARN_INT_CONVERSION = YES;
				CLANG_WARN_NON_LITERAL_NULL_CONVERSION = YES;
				CLANG_WARN_OBJC_IMPLICIT_RETAIN_SELF = YES;
				CLANG_WARN_OBJC_LITERAL_CONVERSION = YES;
				CLANG_WARN_OBJC_ROOT_CLASS = YES_ERROR;
				CLANG_WARN_QUOTED_INCLUDE_IN_FRAMEWORK_HEADER = YES;
				CLANG_WARN_RANGE_LOOP_ANALYSIS = YES;
				CLANG_WARN_STRICT_PROTOTYPES = YES;
				CLANG_WARN_SUSPICIOUS_MOVE = YES;
				CLANG_WARN_UNGUARDED_AVAILABILITY = YES_AGGRESSIVE;
				CLANG_WARN_UNREACHABLE_CODE = YES;
				CLANG_WARN__DUPLICATE_METHOD_MATCH = YES;
				COPY_PHASE_STRIP = NO;
				DEBUG_INFORMATION_FORMAT = "dwarf-with-dsym";
				ENABLE_NS_ASSERTIONS = NO;
				ENABLE_STRICT_OBJC_MSGSEND = YES;
				GCC_C_LANGUAGE_STANDARD = gnu11;
				GCC_NO_COMMON_BLOCKS = YES;
				GCC_WARN_64_TO_32_BIT_CONVERSION = YES;
				GCC_WARN_ABOUT_RETURN_TYPE = YES_ERROR;
				GCC_WARN_UNDECLARED_SELECTOR = YES;
				GCC_WARN_UNINITIALIZED_AUTOS = YES_AGGRESSIVE;
				GCC_WARN_UNUSED_FUNCTION = YES;
				GCC_WARN_UNUSED_VARIABLE = YES;
				IPHONEOS_DEPLOYMENT_TARGET = 14.0;
				MTL_ENABLE_DEBUG_INFO = NO;
				MTL_FAST_MATH = YES;
				SDKROOT = iphoneos;
				SWIFT_COMPILATION_MODE = wholemodule;
				SWIFT_OPTIMIZATION_LEVEL = "-O";
				VALIDATE_PRODUCT = YES;
			};
			name = Release;
		};
		34CD87BA288EDDEB00725483 /* Debug */ = {
			isa = XCBuildConfiguration;
			baseConfigurationReference = 6E1B6DCF4E7F7A9A07D78F17 /* Pods-JewelryAR_Example.debug.xcconfig */;
			buildSettings = {
				ASSETCATALOG_COMPILER_APPICON_NAME = AppIcon;
				ASSETCATALOG_COMPILER_GLOBAL_ACCENT_COLOR_NAME = AccentColor;
				CODE_SIGN_STYLE = Automatic;
				CURRENT_PROJECT_VERSION = 1;
				DEVELOPMENT_ASSET_PATHS = "\"JewelryAR/Preview Content\"";
				DEVELOPMENT_TEAM = "";
				ENABLE_PREVIEWS = YES;
				GENERATE_INFOPLIST_FILE = YES;
				INFOPLIST_FILE = "JewelryAR-Example-Info.plist";
				INFOPLIST_KEY_UIApplicationSceneManifest_Generation = YES;
				INFOPLIST_KEY_UIApplicationSupportsIndirectInputEvents = YES;
				INFOPLIST_KEY_UILaunchScreen_Generation = YES;
				INFOPLIST_KEY_UILaunchStoryboardName = "Launch Screen";
				INFOPLIST_KEY_UISupportedInterfaceOrientations_iPad = "UIInterfaceOrientationPortrait UIInterfaceOrientationPortraitUpsideDown UIInterfaceOrientationLandscapeLeft UIInterfaceOrientationLandscapeRight";
				INFOPLIST_KEY_UISupportedInterfaceOrientations_iPhone = "UIInterfaceOrientationPortrait UIInterfaceOrientationLandscapeLeft UIInterfaceOrientationLandscapeRight";
				LD_RUNPATH_SEARCH_PATHS = (
					"$(inherited)",
					"@executable_path/Frameworks",
				);
				MARKETING_VERSION = 1.0;
				PRODUCT_BUNDLE_IDENTIFIER = "com.postindustria.ios.jewelryar-sample";
				PRODUCT_NAME = "$(TARGET_NAME)";
				SWIFT_EMIT_LOC_STRINGS = YES;
				SWIFT_VERSION = 5.0;
				TARGETED_DEVICE_FAMILY = "1,2";
			};
			name = Debug;
		};
		34CD87BB288EDDEB00725483 /* Release */ = {
			isa = XCBuildConfiguration;
			baseConfigurationReference = 660F36392F3E2CF8CD86B28E /* Pods-JewelryAR_Example.release.xcconfig */;
			buildSettings = {
				ASSETCATALOG_COMPILER_APPICON_NAME = AppIcon;
				ASSETCATALOG_COMPILER_GLOBAL_ACCENT_COLOR_NAME = AccentColor;
				CODE_SIGN_STYLE = Automatic;
				CURRENT_PROJECT_VERSION = 1;
				DEVELOPMENT_ASSET_PATHS = "\"JewelryAR/Preview Content\"";
				DEVELOPMENT_TEAM = "";
				ENABLE_PREVIEWS = YES;
				GENERATE_INFOPLIST_FILE = YES;
				INFOPLIST_FILE = "JewelryAR-Example-Info.plist";
				INFOPLIST_KEY_UIApplicationSceneManifest_Generation = YES;
				INFOPLIST_KEY_UIApplicationSupportsIndirectInputEvents = YES;
				INFOPLIST_KEY_UILaunchScreen_Generation = YES;
				INFOPLIST_KEY_UILaunchStoryboardName = "Launch Screen";
				INFOPLIST_KEY_UISupportedInterfaceOrientations_iPad = "UIInterfaceOrientationPortrait UIInterfaceOrientationPortraitUpsideDown UIInterfaceOrientationLandscapeLeft UIInterfaceOrientationLandscapeRight";
				INFOPLIST_KEY_UISupportedInterfaceOrientations_iPhone = "UIInterfaceOrientationPortrait UIInterfaceOrientationLandscapeLeft UIInterfaceOrientationLandscapeRight";
				LD_RUNPATH_SEARCH_PATHS = (
					"$(inherited)",
					"@executable_path/Frameworks",
				);
				MARKETING_VERSION = 1.0;
				PRODUCT_BUNDLE_IDENTIFIER = "com.postindustria.ios.jewelryar-sample";
				PRODUCT_NAME = "$(TARGET_NAME)";
				SWIFT_EMIT_LOC_STRINGS = YES;
				SWIFT_VERSION = 5.0;
				TARGETED_DEVICE_FAMILY = "1,2";
			};
			name = Release;
		};
/* End XCBuildConfiguration section */

/* Begin XCConfigurationList section */
		34CD87A6288EDDEA00725483 /* Build configuration list for PBXProject "JewelryAR" */ = {
			isa = XCConfigurationList;
			buildConfigurations = (
				34CD87B7288EDDEB00725483 /* Debug */,
				34CD87B8288EDDEB00725483 /* Release */,
			);
			defaultConfigurationIsVisible = 0;
			defaultConfigurationName = Release;
		};
		34CD87B9288EDDEB00725483 /* Build configuration list for PBXNativeTarget "JewelryAR_Example" */ = {
			isa = XCConfigurationList;
			buildConfigurations = (
				34CD87BA288EDDEB00725483 /* Debug */,
				34CD87BB288EDDEB00725483 /* Release */,
			);
			defaultConfigurationIsVisible = 0;
			defaultConfigurationName = Release;
		};
/* End XCConfigurationList section */
	};
	rootObject = 34CD87A3288EDDEA00725483 /* Project object */;
}
