PODS:
  - JewelryAR (1.56.0):
    - JewelryAR-UnityFramework (= 1.56.0)
  - JewelryAR-UnityFramework (1.56.0)

DEPENDENCIES:
  - JewelryAR

SPEC REPOS:
  "https://read_ios_token_2:ZJ8CH9npP4Ar4ZD2bxzS@gitlab.postindustria.com/ar-ring/jewelry-ar-sdk-ios-cocoapods-podspecs.git":
    - JewelryAR
    - JewelryAR-UnityFramework

SPEC CHECKSUMS:
  JewelryAR: 1e3b22c3b0d3d0524bd1ba2492f482423e690358
  JewelryAR-UnityFramework: 882c1d79e5a25bee2acfcb7e20c80b532b2bbd92

PODFILE CHECKSUM: d48d20fb0ee9193157b64fe218666f009abc5408

COCOAPODS: 1.11.3
