PODS:
  - JewelryAR (0.1.0):
    - JewelryAR-UnityFramework
  - JewelryAR-UnityFramework (1.33.5)

DEPENDENCIES:
  - JewelryAR

SPEC REPOS:
  "git@gitlab.postindustria.com:ar-ring/jewelry-ar-sdk-ios-cocoapods-podspecs.git":
    - JewelryAR
  "https://read_ios_token_2:ZJ8CH9npP4Ar4ZD2bxzS@gitlab.postindustria.com/ar-ring/jewelry-ar-sdk-ios-cocoapods-podspecs.git":
    - JewelryAR-UnityFramework

SPEC CHECKSUMS:
  JewelryAR: fb62b08fccac78d66832a10211e9ed485783c11a
  JewelryAR-UnityFramework: 2b6492032374638a168c994158c6aa3ae6e75f9a

PODFILE CHECKSUM: d48d20fb0ee9193157b64fe218666f009abc5408

COCOAPODS: 1.11.3
