PODS:
  - JewelryAR (1.56.0):
    - JewelryAR-UnityFramework (= 1.56.0)
  - JewelryAR-SwiftUI (1.56.0):
    - JewelryAR (= 1.56.0)
  - JewelryAR-UnityFramework (1.56.0)

DEPENDENCIES:
  - JewelryAR-SwiftUI

SPEC REPOS:
  "https://read_ios_token_2:ZJ8CH9npP4Ar4ZD2bxzS@gitlab.postindustria.com/ar-ring/jewelry-ar-sdk-ios-cocoapods-podspecs.git":
    - JewelryAR
    - JewelryAR-SwiftUI
    - JewelryAR-UnityFramework

SPEC CHECKSUMS:
  JewelryAR: 1e3b22c3b0d3d0524bd1ba2492f482423e690358
  JewelryAR-SwiftUI: e7def2cb87376189b32c33e561192c7babfd547a
  JewelryAR-UnityFramework: 882c1d79e5a25bee2acfcb7e20c80b532b2bbd92

PODFILE CHECKSUM: 829ab642dd29c450915286dcbf89b710ffb51f98

COCOAPODS: 1.11.3
